
Microsoft Visual Studio Solution File, Format Version 12.00
# Visual Studio Version 17
Project("{8BC9CEB8-8B4A-11D0-8D11-00A0C91BC942}") = "ALL_BUILD", "ALL_BUILD.vcxproj", "{08128ADB-B909-3D16-9EC8-42178BAFC9ED}"
	ProjectSection(ProjectDependencies) = postProject
		{FB5969DA-ECC5-3535-AC91-C6F1C98CC040} = {FB5969DA-ECC5-3535-AC91-C6F1C98CC040}
		{6C5344FD-6C3B-3721-A78B-07A3EF8BD64C} = {6C5344FD-6C3B-3721-A78B-07A3EF8BD64C}
		{82B097F7-E766-38D9-8D6A-37B625CC6EB6} = {82B097F7-E766-38D9-8D6A-37B625CC6EB6}
		{E056DD10-7BB0-3E15-A853-B4BEB5F7B9E3} = {E056DD10-7BB0-3E15-A853-B4BEB5F7B9E3}
	EndProjectSection
EndProject
Project("{8BC9CEB8-8B4A-11D0-8D11-00A0C91BC942}") = "INSTALL", "INSTALL.vcxproj", "{E076F3EB-3F23-32C0-A16B-D3AC471B6758}"
	ProjectSection(ProjectDependencies) = postProject
		{08128ADB-B909-3D16-9EC8-42178BAFC9ED} = {08128ADB-B909-3D16-9EC8-42178BAFC9ED}
		{6C5344FD-6C3B-3721-A78B-07A3EF8BD64C} = {6C5344FD-6C3B-3721-A78B-07A3EF8BD64C}
	EndProjectSection
EndProject
Project("{8BC9CEB8-8B4A-11D0-8D11-00A0C91BC942}") = "MyProject1", "MyProject1.vcxproj", "{FB5969DA-ECC5-3535-AC91-C6F1C98CC040}"
	ProjectSection(ProjectDependencies) = postProject
		{6C5344FD-6C3B-3721-A78B-07A3EF8BD64C} = {6C5344FD-6C3B-3721-A78B-07A3EF8BD64C}
		{82B097F7-E766-38D9-8D6A-37B625CC6EB6} = {82B097F7-E766-38D9-8D6A-37B625CC6EB6}
	EndProjectSection
EndProject
Project("{8BC9CEB8-8B4A-11D0-8D11-00A0C91BC942}") = "PACKAGE", "PACKAGE.vcxproj", "{37B0E0B5-86B5-3684-8AA1-F3CE74BF5FAF}"
	ProjectSection(ProjectDependencies) = postProject
		{08128ADB-B909-3D16-9EC8-42178BAFC9ED} = {08128ADB-B909-3D16-9EC8-42178BAFC9ED}
		{6C5344FD-6C3B-3721-A78B-07A3EF8BD64C} = {6C5344FD-6C3B-3721-A78B-07A3EF8BD64C}
	EndProjectSection
EndProject
Project("{8BC9CEB8-8B4A-11D0-8D11-00A0C91BC942}") = "ZERO_CHECK", "ZERO_CHECK.vcxproj", "{6C5344FD-6C3B-3721-A78B-07A3EF8BD64C}"
	ProjectSection(ProjectDependencies) = postProject
	EndProjectSection
EndProject
Project("{8BC9CEB8-8B4A-11D0-8D11-00A0C91BC942}") = "pqxx", "libpqxx-build\src\pqxx.vcxproj", "{82B097F7-E766-38D9-8D6A-37B625CC6EB6}"
	ProjectSection(ProjectDependencies) = postProject
		{6C5344FD-6C3B-3721-A78B-07A3EF8BD64C} = {6C5344FD-6C3B-3721-A78B-07A3EF8BD64C}
	EndProjectSection
EndProject
Project("{8BC9CEB8-8B4A-11D0-8D11-00A0C91BC942}") = "runner", "libpqxx-build\test\runner.vcxproj", "{E056DD10-7BB0-3E15-A853-B4BEB5F7B9E3}"
	ProjectSection(ProjectDependencies) = postProject
		{6C5344FD-6C3B-3721-A78B-07A3EF8BD64C} = {6C5344FD-6C3B-3721-A78B-07A3EF8BD64C}
		{82B097F7-E766-38D9-8D6A-37B625CC6EB6} = {82B097F7-E766-38D9-8D6A-37B625CC6EB6}
	EndProjectSection
EndProject
Global
	GlobalSection(SolutionConfigurationPlatforms) = preSolution
		Debug|x64 = Debug|x64
		Release|x64 = Release|x64
		MinSizeRel|x64 = MinSizeRel|x64
		RelWithDebInfo|x64 = RelWithDebInfo|x64
	EndGlobalSection
	GlobalSection(ProjectConfigurationPlatforms) = postSolution
		{08128ADB-B909-3D16-9EC8-42178BAFC9ED}.Debug|x64.ActiveCfg = Debug|x64
		{08128ADB-B909-3D16-9EC8-42178BAFC9ED}.Debug|x64.Build.0 = Debug|x64
		{08128ADB-B909-3D16-9EC8-42178BAFC9ED}.Release|x64.ActiveCfg = Release|x64
		{08128ADB-B909-3D16-9EC8-42178BAFC9ED}.Release|x64.Build.0 = Release|x64
		{08128ADB-B909-3D16-9EC8-42178BAFC9ED}.MinSizeRel|x64.ActiveCfg = MinSizeRel|x64
		{08128ADB-B909-3D16-9EC8-42178BAFC9ED}.MinSizeRel|x64.Build.0 = MinSizeRel|x64
		{08128ADB-B909-3D16-9EC8-42178BAFC9ED}.RelWithDebInfo|x64.ActiveCfg = RelWithDebInfo|x64
		{08128ADB-B909-3D16-9EC8-42178BAFC9ED}.RelWithDebInfo|x64.Build.0 = RelWithDebInfo|x64
		{E076F3EB-3F23-32C0-A16B-D3AC471B6758}.Debug|x64.ActiveCfg = Debug|x64
		{E076F3EB-3F23-32C0-A16B-D3AC471B6758}.Release|x64.ActiveCfg = Release|x64
		{E076F3EB-3F23-32C0-A16B-D3AC471B6758}.MinSizeRel|x64.ActiveCfg = MinSizeRel|x64
		{E076F3EB-3F23-32C0-A16B-D3AC471B6758}.RelWithDebInfo|x64.ActiveCfg = RelWithDebInfo|x64
		{FB5969DA-ECC5-3535-AC91-C6F1C98CC040}.Debug|x64.ActiveCfg = Debug|x64
		{FB5969DA-ECC5-3535-AC91-C6F1C98CC040}.Debug|x64.Build.0 = Debug|x64
		{FB5969DA-ECC5-3535-AC91-C6F1C98CC040}.Release|x64.ActiveCfg = Release|x64
		{FB5969DA-ECC5-3535-AC91-C6F1C98CC040}.Release|x64.Build.0 = Release|x64
		{FB5969DA-ECC5-3535-AC91-C6F1C98CC040}.MinSizeRel|x64.ActiveCfg = MinSizeRel|x64
		{FB5969DA-ECC5-3535-AC91-C6F1C98CC040}.MinSizeRel|x64.Build.0 = MinSizeRel|x64
		{FB5969DA-ECC5-3535-AC91-C6F1C98CC040}.RelWithDebInfo|x64.ActiveCfg = RelWithDebInfo|x64
		{FB5969DA-ECC5-3535-AC91-C6F1C98CC040}.RelWithDebInfo|x64.Build.0 = RelWithDebInfo|x64
		{37B0E0B5-86B5-3684-8AA1-F3CE74BF5FAF}.Debug|x64.ActiveCfg = Debug|x64
		{37B0E0B5-86B5-3684-8AA1-F3CE74BF5FAF}.Release|x64.ActiveCfg = Release|x64
		{37B0E0B5-86B5-3684-8AA1-F3CE74BF5FAF}.MinSizeRel|x64.ActiveCfg = MinSizeRel|x64
		{37B0E0B5-86B5-3684-8AA1-F3CE74BF5FAF}.RelWithDebInfo|x64.ActiveCfg = RelWithDebInfo|x64
		{6C5344FD-6C3B-3721-A78B-07A3EF8BD64C}.Debug|x64.ActiveCfg = Debug|x64
		{6C5344FD-6C3B-3721-A78B-07A3EF8BD64C}.Debug|x64.Build.0 = Debug|x64
		{6C5344FD-6C3B-3721-A78B-07A3EF8BD64C}.Release|x64.ActiveCfg = Release|x64
		{6C5344FD-6C3B-3721-A78B-07A3EF8BD64C}.Release|x64.Build.0 = Release|x64
		{6C5344FD-6C3B-3721-A78B-07A3EF8BD64C}.MinSizeRel|x64.ActiveCfg = MinSizeRel|x64
		{6C5344FD-6C3B-3721-A78B-07A3EF8BD64C}.MinSizeRel|x64.Build.0 = MinSizeRel|x64
		{6C5344FD-6C3B-3721-A78B-07A3EF8BD64C}.RelWithDebInfo|x64.ActiveCfg = RelWithDebInfo|x64
		{6C5344FD-6C3B-3721-A78B-07A3EF8BD64C}.RelWithDebInfo|x64.Build.0 = RelWithDebInfo|x64
		{82B097F7-E766-38D9-8D6A-37B625CC6EB6}.Debug|x64.ActiveCfg = Debug|x64
		{82B097F7-E766-38D9-8D6A-37B625CC6EB6}.Debug|x64.Build.0 = Debug|x64
		{82B097F7-E766-38D9-8D6A-37B625CC6EB6}.Release|x64.ActiveCfg = Release|x64
		{82B097F7-E766-38D9-8D6A-37B625CC6EB6}.Release|x64.Build.0 = Release|x64
		{82B097F7-E766-38D9-8D6A-37B625CC6EB6}.MinSizeRel|x64.ActiveCfg = MinSizeRel|x64
		{82B097F7-E766-38D9-8D6A-37B625CC6EB6}.MinSizeRel|x64.Build.0 = MinSizeRel|x64
		{82B097F7-E766-38D9-8D6A-37B625CC6EB6}.RelWithDebInfo|x64.ActiveCfg = RelWithDebInfo|x64
		{82B097F7-E766-38D9-8D6A-37B625CC6EB6}.RelWithDebInfo|x64.Build.0 = RelWithDebInfo|x64
		{E056DD10-7BB0-3E15-A853-B4BEB5F7B9E3}.Debug|x64.ActiveCfg = Debug|x64
		{E056DD10-7BB0-3E15-A853-B4BEB5F7B9E3}.Debug|x64.Build.0 = Debug|x64
		{E056DD10-7BB0-3E15-A853-B4BEB5F7B9E3}.Release|x64.ActiveCfg = Release|x64
		{E056DD10-7BB0-3E15-A853-B4BEB5F7B9E3}.Release|x64.Build.0 = Release|x64
		{E056DD10-7BB0-3E15-A853-B4BEB5F7B9E3}.MinSizeRel|x64.ActiveCfg = MinSizeRel|x64
		{E056DD10-7BB0-3E15-A853-B4BEB5F7B9E3}.MinSizeRel|x64.Build.0 = MinSizeRel|x64
		{E056DD10-7BB0-3E15-A853-B4BEB5F7B9E3}.RelWithDebInfo|x64.ActiveCfg = RelWithDebInfo|x64
		{E056DD10-7BB0-3E15-A853-B4BEB5F7B9E3}.RelWithDebInfo|x64.Build.0 = RelWithDebInfo|x64
	EndGlobalSection
	GlobalSection(ExtensibilityGlobals) = postSolution
		SolutionGuid = {C3A93D5C-3A1D-3B8E-942B-A37BB6576EA0}
	EndGlobalSection
	GlobalSection(ExtensibilityAddIns) = postSolution
	EndGlobalSection
EndGlobal
